
Microsoft Visual Studio Solution File, Format Version 12.00
# Visual Studio Version 16
VisualStudioVersion = 16.0.30804.86
MinimumVisualStudioVersion = 10.0.40219.1
Project("{888888A0-9F3D-457C-B088-3A5042F75D52}") = "MultipleLinearRegression_ML", "MultipleLinearRegression_ML\MultipleLinearRegression_ML.pyproj", "{7DA5519A-D8E7-4C29-871A-0C24E5C2DD1D}"
EndProject
Global
	GlobalSection(SolutionConfigurationPlatforms) = preSolution
		Debug|Any CPU = Debug|Any CPU
		Release|Any CPU = Release|Any CPU
	EndGlobalSection
	GlobalSection(ProjectConfigurationPlatforms) = postSolution
		{7DA5519A-D8E7-4C29-871A-0C24E5C2DD1D}.Debug|Any CPU.ActiveCfg = Debug|Any CPU
		{7DA5519A-D8E7-4C29-871A-0C24E5C2DD1D}.Release|Any CPU.ActiveCfg = Release|Any CPU
	EndGlobalSection
	GlobalSection(SolutionProperties) = preSolution
		HideSolutionNode = FALSE
	EndGlobalSection
	GlobalSection(ExtensibilityGlobals) = postSolution
		SolutionGuid = {FA30F259-70E8-43E9-B9CF-FCF230023900}
	EndGlobalSection
EndGlobal
